
Microsoft Visual Studio Solution File, Format Version 12.00
# Visual Studio Version 17
VisualStudioVersion = 17.8.34408.163
MinimumVisualStudioVersion = 10.0.40219.1
Project("{9A19103F-16F7-4668-BE54-9A1E7A4F7556}") = "Rugal.PartialViewRender", "Rugal.PartialViewRender\Rugal.PartialViewRender.csproj", "{BDB91D25-0420-4FB5-8E31-7C2E1527D15D}"
EndProject
Project("{FAE04EC0-301F-11D3-BF4B-00C04F79EFBC}") = "Rugal.PartialViewRender.Test", "Rugal.PartialViewRender.Test\Rugal.PartialViewRender.Test.csproj", "{5422D33C-A491-4446-A220-92D6BFCC6CB0}"
EndProject
Global
	GlobalSection(SolutionConfigurationPlatforms) = preSolution
		Debug|Any CPU = Debug|Any CPU
		Release|Any CPU = Release|Any CPU
	EndGlobalSection
	GlobalSection(ProjectConfigurationPlatforms) = postSolution
		{BDB91D25-0420-4FB5-8E31-7C2E1527D15D}.Debug|Any CPU.ActiveCfg = Debug|Any CPU
		{BDB91D25-0420-4FB5-8E31-7C2E1527D15D}.Debug|Any CPU.Build.0 = Debug|Any CPU
		{BDB91D25-0420-4FB5-8E31-7C2E1527D15D}.Release|Any CPU.ActiveCfg = Release|Any CPU
		{BDB91D25-0420-4FB5-8E31-7C2E1527D15D}.Release|Any CPU.Build.0 = Release|Any CPU
		{5422D33C-A491-4446-A220-92D6BFCC6CB0}.Debug|Any CPU.ActiveCfg = Debug|Any CPU
		{5422D33C-A491-4446-A220-92D6BFCC6CB0}.Debug|Any CPU.Build.0 = Debug|Any CPU
		{5422D33C-A491-4446-A220-92D6BFCC6CB0}.Release|Any CPU.ActiveCfg = Release|Any CPU
		{5422D33C-A491-4446-A220-92D6BFCC6CB0}.Release|Any CPU.Build.0 = Release|Any CPU
	EndGlobalSection
	GlobalSection(SolutionProperties) = preSolution
		HideSolutionNode = FALSE
	EndGlobalSection
	GlobalSection(ExtensibilityGlobals) = postSolution
		SolutionGuid = {5AAD1AB1-A1D3-4162-B01C-F6B650767D56}
	EndGlobalSection
EndGlobal
